
Microsoft Visual Studio Solution File, Format Version 12.00
# Visual Studio Version 16
VisualStudioVersion = 16.0.30320.27
MinimumVisualStudioVersion = 10.0.40219.1
Project("{FAE04EC0-301F-11D3-BF4B-00C04F79EFBC}") = "Analyzer_hmi", "Analyzer_hmi\Analyzer_hmi.csproj", "{EE411CB2-574B-4950-A7F1-195853507C54}"
EndProject
Global
	GlobalSection(SolutionConfigurationPlatforms) = preSolution
		Debug|Any CPU = Debug|Any CPU
		Release|Any CPU = Release|Any CPU
	EndGlobalSection
	GlobalSection(ProjectConfigurationPlatforms) = postSolution
		{EE411CB2-574B-4950-A7F1-195853507C54}.Debug|Any CPU.ActiveCfg = Debug|Any CPU
		{EE411CB2-574B-4950-A7F1-195853507C54}.Debug|Any CPU.Build.0 = Debug|Any CPU
		{EE411CB2-574B-4950-A7F1-195853507C54}.Release|Any CPU.ActiveCfg = Release|Any CPU
		{EE411CB2-574B-4950-A7F1-195853507C54}.Release|Any CPU.Build.0 = Release|Any CPU
	EndGlobalSection
	GlobalSection(SolutionProperties) = preSolution
		HideSolutionNode = FALSE
	EndGlobalSection
	GlobalSection(ExtensibilityGlobals) = postSolution
		SolutionGuid = {F514E445-0080-4E7B-9B88-6178FBFDBD66}
	EndGlobalSection
EndGlobal
